
Microsoft Visual Studio Solution File, Format Version 12.00
# Visual Studio 15
VisualStudioVersion = 15.0.27703.2000
MinimumVisualStudioVersion = 10.0.40219.1
Project("{FAE04EC0-301F-11D3-BF4B-00C04F79EFBC}") = "LiquorAdda", "LiquorAdda\LiquorAdda.csproj", "{F369F279-E90A-4B09-8A97-B7E8D6B32171}"
EndProject
Project("{FAE04EC0-301F-11D3-BF4B-00C04F79EFBC}") = "LiquorAdda.Core", "LiquorAdda.Core\LiquorAdda.Core.csproj", "{3D867398-9648-4D25-A193-6644B7F2BE82}"
EndProject
Global
	GlobalSection(SolutionConfigurationPlatforms) = preSolution
		Debug|Any CPU = Debug|Any CPU
		Release|Any CPU = Release|Any CPU
	EndGlobalSection
	GlobalSection(ProjectConfigurationPlatforms) = postSolution
		{F369F279-E90A-4B09-8A97-B7E8D6B32171}.Debug|Any CPU.ActiveCfg = Debug|Any CPU
		{F369F279-E90A-4B09-8A97-B7E8D6B32171}.Debug|Any CPU.Build.0 = Debug|Any CPU
		{F369F279-E90A-4B09-8A97-B7E8D6B32171}.Release|Any CPU.ActiveCfg = Release|Any CPU
		{F369F279-E90A-4B09-8A97-B7E8D6B32171}.Release|Any CPU.Build.0 = Release|Any CPU
		{3D867398-9648-4D25-A193-6644B7F2BE82}.Debug|Any CPU.ActiveCfg = Debug|Any CPU
		{3D867398-9648-4D25-A193-6644B7F2BE82}.Debug|Any CPU.Build.0 = Debug|Any CPU
		{3D867398-9648-4D25-A193-6644B7F2BE82}.Release|Any CPU.ActiveCfg = Release|Any CPU
		{3D867398-9648-4D25-A193-6644B7F2BE82}.Release|Any CPU.Build.0 = Release|Any CPU
	EndGlobalSection
	GlobalSection(SolutionProperties) = preSolution
		HideSolutionNode = FALSE
	EndGlobalSection
	GlobalSection(ExtensibilityGlobals) = postSolution
		SolutionGuid = {4CB713AF-9F13-45A8-9F8B-0708F5A1789E}
	EndGlobalSection
EndGlobal
